// !$*UTF8*$!
{
	archiveVersion = 1;
	classes = {
	};
	objectVersion = 50;
	objects = {

/* Begin PBXBuildFile section */
		795FB4F6236307C500E96B6F /* Employee.m in Sources */ = {isa = PBXBuildFile; fileRef = 795FB4F5236307C500E96B6F /* Employee.m */; };
		795FB4F9236308C400E96B6F /* FinancialApartment.m in Sources */ = {isa = PBXBuildFile; fileRef = 795FB4F8236308C400E96B6F /* FinancialApartment.m */; };
		795FB4FC2363090A00E96B6F /* HRApartment.m in Sources */ = {isa = PBXBuildFile; fileRef = 795FB4FB2363090A00E96B6F /* HRApartment.m */; };
		79ABD2142362FD2300130698 /* Course.m in Sources */ = {isa = PBXBuildFile; fileRef = 79ABD2132362FD2300130698 /* Course.m */; };
		79ABD2202362FF4500130698 /* TextCourse.m in Sources */ = {isa = PBXBuildFile; fileRef = 79ABD21F2362FF4500130698 /* TextCourse.m */; };
		79ABD2252362FFBD00130698 /* VideoCourse.m in Sources */ = {isa = PBXBuildFile; fileRef = 79ABD2222362FF8000130698 /* VideoCourse.m */; };
		79ADBFB12363003E0046B91C /* AudioCourse.m in Sources */ = {isa = PBXBuildFile; fileRef = 79ADBFB02363003E0046B91C /* AudioCourse.m */; };
		79ADBFB42363004B0046B91C /* LiveCourse.m in Sources */ = {isa = PBXBuildFile; fileRef = 79ADBFB32363004B0046B91C /* LiveCourse.m */; };
		79B295E92368606200B3CD91 /* People.m in Sources */ = {isa = PBXBuildFile; fileRef = 79B295E82368606200B3CD91 /* People.m */; };
		79B295EC2368607400B3CD91 /* Bird.m in Sources */ = {isa = PBXBuildFile; fileRef = 79B295EB2368607400B3CD91 /* Bird.m */; };
		79B295EF2368608C00B3CD91 /* ChinesePeople.m in Sources */ = {isa = PBXBuildFile; fileRef = 79B295EE2368608C00B3CD91 /* ChinesePeople.m */; };
		79B295F22368609600B3CD91 /* Parrot.m in Sources */ = {isa = PBXBuildFile; fileRef = 79B295F12368609600B3CD91 /* Parrot.m */; };
		79B295F52368768900B3CD91 /* Car.m in Sources */ = {isa = PBXBuildFile; fileRef = 79B295F42368768900B3CD91 /* Car.m */; };
		79B295F8236876A900B3CD91 /* GasEngine.m in Sources */ = {isa = PBXBuildFile; fileRef = 79B295F7236876A900B3CD91 /* GasEngine.m */; };
		79C8E6472362FB5D00868518 /* AppDelegate.m in Sources */ = {isa = PBXBuildFile; fileRef = 79C8E6462362FB5D00868518 /* AppDelegate.m */; };
		79C8E64A2362FB5D00868518 /* ViewController.m in Sources */ = {isa = PBXBuildFile; fileRef = 79C8E6492362FB5D00868518 /* ViewController.m */; };
		79C8E64D2362FB5D00868518 /* Main.storyboard in Resources */ = {isa = PBXBuildFile; fileRef = 79C8E64B2362FB5D00868518 /* Main.storyboard */; };
		79C8E64F2362FB5E00868518 /* Assets.xcassets in Resources */ = {isa = PBXBuildFile; fileRef = 79C8E64E2362FB5E00868518 /* Assets.xcassets */; };
		79C8E6522362FB5E00868518 /* LaunchScreen.storyboard in Resources */ = {isa = PBXBuildFile; fileRef = 79C8E6502362FB5E00868518 /* LaunchScreen.storyboard */; };
		79C8E6552362FB5E00868518 /* main.m in Sources */ = {isa = PBXBuildFile; fileRef = 79C8E6542362FB5E00868518 /* main.m */; };
		79C8E65F2362FB5E00868518 /* Design_principlesTests.m in Sources */ = {isa = PBXBuildFile; fileRef = 79C8E65E2362FB5E00868518 /* Design_principlesTests.m */; };
		79C8E66A2362FB5E00868518 /* Design_principlesUITests.m in Sources */ = {isa = PBXBuildFile; fileRef = 79C8E6692362FB5E00868518 /* Design_principlesUITests.m */; };
		79F699632368299D003C16F5 /* FrondEndDeveloper.m in Sources */ = {isa = PBXBuildFile; fileRef = 79F699622368299D003C16F5 /* FrondEndDeveloper.m */; };
		79F69966236829AD003C16F5 /* BackEndDeveloper.m in Sources */ = {isa = PBXBuildFile; fileRef = 79F69965236829AD003C16F5 /* BackEndDeveloper.m */; };
		79F69969236829CB003C16F5 /* Project.m in Sources */ = {isa = PBXBuildFile; fileRef = 79F69968236829CB003C16F5 /* Project.m */; };
		79F6D25223687852007C55E1 /* Client.m in Sources */ = {isa = PBXBuildFile; fileRef = 79F6D25123687852007C55E1 /* Client.m */; };
/* End PBXBuildFile section */

/* Begin PBXContainerItemProxy section */
		79C8E65B2362FB5E00868518 /* PBXContainerItemProxy */ = {
			isa = PBXContainerItemProxy;
			containerPortal = 79C8E63A2362FB5D00868518 /* Project object */;
			proxyType = 1;
			remoteGlobalIDString = 79C8E6412362FB5D00868518;
			remoteInfo = "Design-principles";
		};
		79C8E6662362FB5E00868518 /* PBXContainerItemProxy */ = {
			isa = PBXContainerItemProxy;
			containerPortal = 79C8E63A2362FB5D00868518 /* Project object */;
			proxyType = 1;
			remoteGlobalIDString = 79C8E6412362FB5D00868518;
			remoteInfo = "Design-principles";
		};
/* End PBXContainerItemProxy section */

/* Begin PBXFileReference section */
		795FB4F4236307C500E96B6F /* Employee.h */ = {isa = PBXFileReference; lastKnownFileType = sourcecode.c.h; path = Employee.h; sourceTree = "<group>"; };
		795FB4F5236307C500E96B6F /* Employee.m */ = {isa = PBXFileReference; lastKnownFileType = sourcecode.c.objc; path = Employee.m; sourceTree = "<group>"; };
		795FB4F7236308C400E96B6F /* FinancialApartment.h */ = {isa = PBXFileReference; lastKnownFileType = sourcecode.c.h; path = FinancialApartment.h; sourceTree = "<group>"; };
		795FB4F8236308C400E96B6F /* FinancialApartment.m */ = {isa = PBXFileReference; lastKnownFileType = sourcecode.c.objc; path = FinancialApartment.m; sourceTree = "<group>"; };
		795FB4FA2363090A00E96B6F /* HRApartment.h */ = {isa = PBXFileReference; lastKnownFileType = sourcecode.c.h; path = HRApartment.h; sourceTree = "<group>"; };
		795FB4FB2363090A00E96B6F /* HRApartment.m */ = {isa = PBXFileReference; lastKnownFileType = sourcecode.c.objc; path = HRApartment.m; sourceTree = "<group>"; };
		79ABD2122362FD2300130698 /* Course.h */ = {isa = PBXFileReference; lastKnownFileType = sourcecode.c.h; path = Course.h; sourceTree = "<group>"; };
		79ABD2132362FD2300130698 /* Course.m */ = {isa = PBXFileReference; lastKnownFileType = sourcecode.c.objc; path = Course.m; sourceTree = "<group>"; };
		79ABD21E2362FF4500130698 /* TextCourse.h */ = {isa = PBXFileReference; lastKnownFileType = sourcecode.c.h; path = TextCourse.h; sourceTree = "<group>"; };
		79ABD21F2362FF4500130698 /* TextCourse.m */ = {isa = PBXFileReference; lastKnownFileType = sourcecode.c.objc; path = TextCourse.m; sourceTree = "<group>"; };
		79ABD2212362FF8000130698 /* VideoCourse.h */ = {isa = PBXFileReference; lastKnownFileType = sourcecode.c.h; path = VideoCourse.h; sourceTree = "<group>"; };
		79ABD2222362FF8000130698 /* VideoCourse.m */ = {isa = PBXFileReference; lastKnownFileType = sourcecode.c.objc; path = VideoCourse.m; sourceTree = "<group>"; };
		79ADBFAF2363003E0046B91C /* AudioCourse.h */ = {isa = PBXFileReference; lastKnownFileType = sourcecode.c.h; path = AudioCourse.h; sourceTree = "<group>"; };
		79ADBFB02363003E0046B91C /* AudioCourse.m */ = {isa = PBXFileReference; lastKnownFileType = sourcecode.c.objc; path = AudioCourse.m; sourceTree = "<group>"; };
		79ADBFB22363004B0046B91C /* LiveCourse.h */ = {isa = PBXFileReference; lastKnownFileType = sourcecode.c.h; path = LiveCourse.h; sourceTree = "<group>"; };
		79ADBFB32363004B0046B91C /* LiveCourse.m */ = {isa = PBXFileReference; lastKnownFileType = sourcecode.c.objc; path = LiveCourse.m; sourceTree = "<group>"; };
		79B295E423685F4C00B3CD91 /* IPeopleProtocol.h */ = {isa = PBXFileReference; lastKnownFileType = sourcecode.c.h; path = IPeopleProtocol.h; sourceTree = "<group>"; };
		79B295E523685F5D00B3CD91 /* IAnimalProtocol.h */ = {isa = PBXFileReference; lastKnownFileType = sourcecode.c.h; path = IAnimalProtocol.h; sourceTree = "<group>"; };
		79B295E623685F6B00B3CD91 /* IBirdProtocol.h */ = {isa = PBXFileReference; lastKnownFileType = sourcecode.c.h; path = IBirdProtocol.h; sourceTree = "<group>"; };
		79B295E72368606200B3CD91 /* People.h */ = {isa = PBXFileReference; lastKnownFileType = sourcecode.c.h; path = People.h; sourceTree = "<group>"; };
		79B295E82368606200B3CD91 /* People.m */ = {isa = PBXFileReference; lastKnownFileType = sourcecode.c.objc; path = People.m; sourceTree = "<group>"; };
		79B295EA2368607400B3CD91 /* Bird.h */ = {isa = PBXFileReference; lastKnownFileType = sourcecode.c.h; path = Bird.h; sourceTree = "<group>"; };
		79B295EB2368607400B3CD91 /* Bird.m */ = {isa = PBXFileReference; lastKnownFileType = sourcecode.c.objc; path = Bird.m; sourceTree = "<group>"; };
		79B295ED2368608C00B3CD91 /* ChinesePeople.h */ = {isa = PBXFileReference; lastKnownFileType = sourcecode.c.h; path = ChinesePeople.h; sourceTree = "<group>"; };
		79B295EE2368608C00B3CD91 /* ChinesePeople.m */ = {isa = PBXFileReference; lastKnownFileType = sourcecode.c.objc; path = ChinesePeople.m; sourceTree = "<group>"; };
		79B295F02368609600B3CD91 /* Parrot.h */ = {isa = PBXFileReference; lastKnownFileType = sourcecode.c.h; path = Parrot.h; sourceTree = "<group>"; };
		79B295F12368609600B3CD91 /* Parrot.m */ = {isa = PBXFileReference; lastKnownFileType = sourcecode.c.objc; path = Parrot.m; sourceTree = "<group>"; };
		79B295F32368768900B3CD91 /* Car.h */ = {isa = PBXFileReference; lastKnownFileType = sourcecode.c.h; path = Car.h; sourceTree = "<group>"; };
		79B295F42368768900B3CD91 /* Car.m */ = {isa = PBXFileReference; lastKnownFileType = sourcecode.c.objc; path = Car.m; sourceTree = "<group>"; };
		79B295F6236876A900B3CD91 /* GasEngine.h */ = {isa = PBXFileReference; lastKnownFileType = sourcecode.c.h; path = GasEngine.h; sourceTree = "<group>"; };
		79B295F7236876A900B3CD91 /* GasEngine.m */ = {isa = PBXFileReference; lastKnownFileType = sourcecode.c.objc; path = GasEngine.m; sourceTree = "<group>"; };
		79C8E6422362FB5D00868518 /* Design-principles.app */ = {isa = PBXFileReference; explicitFileType = wrapper.application; includeInIndex = 0; path = "Design-principles.app"; sourceTree = BUILT_PRODUCTS_DIR; };
		79C8E6452362FB5D00868518 /* AppDelegate.h */ = {isa = PBXFileReference; lastKnownFileType = sourcecode.c.h; path = AppDelegate.h; sourceTree = "<group>"; };
		79C8E6462362FB5D00868518 /* AppDelegate.m */ = {isa = PBXFileReference; lastKnownFileType = sourcecode.c.objc; path = AppDelegate.m; sourceTree = "<group>"; };
		79C8E6482362FB5D00868518 /* ViewController.h */ = {isa = PBXFileReference; lastKnownFileType = sourcecode.c.h; path = ViewController.h; sourceTree = "<group>"; };
		79C8E6492362FB5D00868518 /* ViewController.m */ = {isa = PBXFileReference; lastKnownFileType = sourcecode.c.objc; path = ViewController.m; sourceTree = "<group>"; };
		79C8E64C2362FB5D00868518 /* Base */ = {isa = PBXFileReference; lastKnownFileType = file.storyboard; name = Base; path = Base.lproj/Main.storyboard; sourceTree = "<group>"; };
		79C8E64E2362FB5E00868518 /* Assets.xcassets */ = {isa = PBXFileReference; lastKnownFileType = folder.assetcatalog; path = Assets.xcassets; sourceTree = "<group>"; };
		79C8E6512362FB5E00868518 /* Base */ = {isa = PBXFileReference; lastKnownFileType = file.storyboard; name = Base; path = Base.lproj/LaunchScreen.storyboard; sourceTree = "<group>"; };
		79C8E6532362FB5E00868518 /* Info.plist */ = {isa = PBXFileReference; lastKnownFileType = text.plist.xml; path = Info.plist; sourceTree = "<group>"; };
		79C8E6542362FB5E00868518 /* main.m */ = {isa = PBXFileReference; lastKnownFileType = sourcecode.c.objc; path = main.m; sourceTree = "<group>"; };
		79C8E65A2362FB5E00868518 /* Design-principlesTests.xctest */ = {isa = PBXFileReference; explicitFileType = wrapper.cfbundle; includeInIndex = 0; path = "Design-principlesTests.xctest"; sourceTree = BUILT_PRODUCTS_DIR; };
		79C8E65E2362FB5E00868518 /* Design_principlesTests.m */ = {isa = PBXFileReference; lastKnownFileType = sourcecode.c.objc; path = Design_principlesTests.m; sourceTree = "<group>"; };
		79C8E6602362FB5E00868518 /* Info.plist */ = {isa = PBXFileReference; lastKnownFileType = text.plist.xml; path = Info.plist; sourceTree = "<group>"; };
		79C8E6652362FB5E00868518 /* Design-principlesUITests.xctest */ = {isa = PBXFileReference; explicitFileType = wrapper.cfbundle; includeInIndex = 0; path = "Design-principlesUITests.xctest"; sourceTree = BUILT_PRODUCTS_DIR; };
		79C8E6692362FB5E00868518 /* Design_principlesUITests.m */ = {isa = PBXFileReference; lastKnownFileType = sourcecode.c.objc; path = Design_principlesUITests.m; sourceTree = "<group>"; };
		79C8E66B2362FB5E00868518 /* Info.plist */ = {isa = PBXFileReference; lastKnownFileType = text.plist.xml; path = Info.plist; sourceTree = "<group>"; };
		79F699602368294D003C16F5 /* DeveloperProtocol.h */ = {isa = PBXFileReference; lastKnownFileType = sourcecode.c.h; path = DeveloperProtocol.h; sourceTree = "<group>"; };
		79F699612368299D003C16F5 /* FrondEndDeveloper.h */ = {isa = PBXFileReference; lastKnownFileType = sourcecode.c.h; path = FrondEndDeveloper.h; sourceTree = "<group>"; };
		79F699622368299D003C16F5 /* FrondEndDeveloper.m */ = {isa = PBXFileReference; lastKnownFileType = sourcecode.c.objc; path = FrondEndDeveloper.m; sourceTree = "<group>"; };
		79F69964236829AD003C16F5 /* BackEndDeveloper.h */ = {isa = PBXFileReference; lastKnownFileType = sourcecode.c.h; path = BackEndDeveloper.h; sourceTree = "<group>"; };
		79F69965236829AD003C16F5 /* BackEndDeveloper.m */ = {isa = PBXFileReference; lastKnownFileType = sourcecode.c.objc; path = BackEndDeveloper.m; sourceTree = "<group>"; };
		79F69967236829CB003C16F5 /* Project.h */ = {isa = PBXFileReference; lastKnownFileType = sourcecode.c.h; path = Project.h; sourceTree = "<group>"; };
		79F69968236829CB003C16F5 /* Project.m */ = {isa = PBXFileReference; lastKnownFileType = sourcecode.c.objc; path = Project.m; sourceTree = "<group>"; };
		79F6D25023687852007C55E1 /* Client.h */ = {isa = PBXFileReference; lastKnownFileType = sourcecode.c.h; path = Client.h; sourceTree = "<group>"; };
		79F6D25123687852007C55E1 /* Client.m */ = {isa = PBXFileReference; lastKnownFileType = sourcecode.c.objc; path = Client.m; sourceTree = "<group>"; };
/* End PBXFileReference section */

/* Begin PBXFrameworksBuildPhase section */
		79C8E63F2362FB5D00868518 /* Frameworks */ = {
			isa = PBXFrameworksBuildPhase;
			buildActionMask = 2147483647;
			files = (
			);
			runOnlyForDeploymentPostprocessing = 0;
		};
		79C8E6572362FB5E00868518 /* Frameworks */ = {
			isa = PBXFrameworksBuildPhase;
			buildActionMask = 2147483647;
			files = (
			);
			runOnlyForDeploymentPostprocessing = 0;
		};
		79C8E6622362FB5E00868518 /* Frameworks */ = {
			isa = PBXFrameworksBuildPhase;
			buildActionMask = 2147483647;
			files = (
			);
			runOnlyForDeploymentPostprocessing = 0;
		};
/* End PBXFrameworksBuildPhase section */

/* Begin PBXGroup section */
		79ABD2102362FCBC00130698 /* 开闭原则  */ = {
			isa = PBXGroup;
			children = (
				79ABD2122362FD2300130698 /* Course.h */,
				79ABD2132362FD2300130698 /* Course.m */,
				79ABD21E2362FF4500130698 /* TextCourse.h */,
				79ABD21F2362FF4500130698 /* TextCourse.m */,
				79ABD2212362FF8000130698 /* VideoCourse.h */,
				79ABD2222362FF8000130698 /* VideoCourse.m */,
				79ADBFAF2363003E0046B91C /* AudioCourse.h */,
				79ADBFB02363003E0046B91C /* AudioCourse.m */,
				79ADBFB22363004B0046B91C /* LiveCourse.h */,
				79ADBFB32363004B0046B91C /* LiveCourse.m */,
			);
			path = "开闭原则 ";
			sourceTree = "<group>";
		};
		79ABD2112362FCBE00130698 /* 单一职责原则 */ = {
			isa = PBXGroup;
			children = (
				795FB4F4236307C500E96B6F /* Employee.h */,
				795FB4F5236307C500E96B6F /* Employee.m */,
				795FB4F7236308C400E96B6F /* FinancialApartment.h */,
				795FB4F8236308C400E96B6F /* FinancialApartment.m */,
				795FB4FA2363090A00E96B6F /* HRApartment.h */,
				795FB4FB2363090A00E96B6F /* HRApartment.m */,
			);
			path = "单一职责原则";
			sourceTree = "<group>";
		};
		79C8E6392362FB5D00868518 = {
			isa = PBXGroup;
			children = (
				79C8E6442362FB5D00868518 /* Design-principles */,
				79C8E65D2362FB5E00868518 /* Design-principlesTests */,
				79C8E6682362FB5E00868518 /* Design-principlesUITests */,
				79C8E6432362FB5D00868518 /* Products */,
			);
			sourceTree = "<group>";
		};
		79C8E6432362FB5D00868518 /* Products */ = {
			isa = PBXGroup;
			children = (
				79C8E6422362FB5D00868518 /* Design-principles.app */,
				79C8E65A2362FB5E00868518 /* Design-principlesTests.xctest */,
				79C8E6652362FB5E00868518 /* Design-principlesUITests.xctest */,
			);
			name = Products;
			sourceTree = "<group>";
		};
		79C8E6442362FB5D00868518 /* Design-principles */ = {
			isa = PBXGroup;
			children = (
				79ABD2112362FCBE00130698 /* 单一职责原则 */,
				79ABD2102362FCBC00130698 /* 开闭原则  */,
				79F6995C236828AA003C16F5 /* 依赖倒置原则 */,
				79F6995D236828C1003C16F5 /* 接口分离原则 */,
				79F6995E236828CA003C16F5 /* 迪米特法则 */,
				79F6995F236828D8003C16F5 /* 里氏替换原则 */,
				79C8E6452362FB5D00868518 /* AppDelegate.h */,
				79C8E6462362FB5D00868518 /* AppDelegate.m */,
				79C8E6482362FB5D00868518 /* ViewController.h */,
				79C8E6492362FB5D00868518 /* ViewController.m */,
				79C8E64B2362FB5D00868518 /* Main.storyboard */,
				79C8E64E2362FB5E00868518 /* Assets.xcassets */,
				79C8E6502362FB5E00868518 /* LaunchScreen.storyboard */,
				79C8E6532362FB5E00868518 /* Info.plist */,
				79C8E6542362FB5E00868518 /* main.m */,
			);
			path = "Design-principles";
			sourceTree = "<group>";
		};
		79C8E65D2362FB5E00868518 /* Design-principlesTests */ = {
			isa = PBXGroup;
			children = (
				79C8E65E2362FB5E00868518 /* Design_principlesTests.m */,
				79C8E6602362FB5E00868518 /* Info.plist */,
			);
			path = "Design-principlesTests";
			sourceTree = "<group>";
		};
		79C8E6682362FB5E00868518 /* Design-principlesUITests */ = {
			isa = PBXGroup;
			children = (
				79C8E6692362FB5E00868518 /* Design_principlesUITests.m */,
				79C8E66B2362FB5E00868518 /* Info.plist */,
			);
			path = "Design-principlesUITests";
			sourceTree = "<group>";
		};
		79F6995C236828AA003C16F5 /* 依赖倒置原则 */ = {
			isa = PBXGroup;
			children = (
				79F699602368294D003C16F5 /* DeveloperProtocol.h */,
				79F699612368299D003C16F5 /* FrondEndDeveloper.h */,
				79F699622368299D003C16F5 /* FrondEndDeveloper.m */,
				79F69964236829AD003C16F5 /* BackEndDeveloper.h */,
				79F69965236829AD003C16F5 /* BackEndDeveloper.m */,
				79F69967236829CB003C16F5 /* Project.h */,
				79F69968236829CB003C16F5 /* Project.m */,
			);
			path = "依赖倒置原则";
			sourceTree = "<group>";
		};
		79F6995D236828C1003C16F5 /* 接口分离原则 */ = {
			isa = PBXGroup;
			children = (
				79B295E423685F4C00B3CD91 /* IPeopleProtocol.h */,
				79B295E523685F5D00B3CD91 /* IAnimalProtocol.h */,
				79B295E623685F6B00B3CD91 /* IBirdProtocol.h */,
				79B295E72368606200B3CD91 /* People.h */,
				79B295E82368606200B3CD91 /* People.m */,
				79B295EA2368607400B3CD91 /* Bird.h */,
				79B295EB2368607400B3CD91 /* Bird.m */,
				79B295ED2368608C00B3CD91 /* ChinesePeople.h */,
				79B295EE2368608C00B3CD91 /* ChinesePeople.m */,
				79B295F02368609600B3CD91 /* Parrot.h */,
				79B295F12368609600B3CD91 /* Parrot.m */,
			);
			path = "接口分离原则";
			sourceTree = "<group>";
		};
		79F6995E236828CA003C16F5 /* 迪米特法则 */ = {
			isa = PBXGroup;
			children = (
				79B295F32368768900B3CD91 /* Car.h */,
				79B295F42368768900B3CD91 /* Car.m */,
				79B295F6236876A900B3CD91 /* GasEngine.h */,
				79B295F7236876A900B3CD91 /* GasEngine.m */,
				79F6D25023687852007C55E1 /* Client.h */,
				79F6D25123687852007C55E1 /* Client.m */,
			);
			path = "迪米特法则";
			sourceTree = "<group>";
		};
		79F6995F236828D8003C16F5 /* 里氏替换原则 */ = {
			isa = PBXGroup;
			children = (
			);
			path = "里氏替换原则";
			sourceTree = "<group>";
		};
/* End PBXGroup section */

/* Begin PBXNativeTarget section */
		79C8E6412362FB5D00868518 /* Design-principles */ = {
			isa = PBXNativeTarget;
			buildConfigurationList = 79C8E66E2362FB5E00868518 /* Build configuration list for PBXNativeTarget "Design-principles" */;
			buildPhases = (
				79C8E63E2362FB5D00868518 /* Sources */,
				79C8E63F2362FB5D00868518 /* Frameworks */,
				79C8E6402362FB5D00868518 /* Resources */,
			);
			buildRules = (
			);
			dependencies = (
			);
			name = "Design-principles";
			productName = "Design-principles";
			productReference = 79C8E6422362FB5D00868518 /* Design-principles.app */;
			productType = "com.apple.product-type.application";
		};
		79C8E6592362FB5E00868518 /* Design-principlesTests */ = {
			isa = PBXNativeTarget;
			buildConfigurationList = 79C8E6712362FB5E00868518 /* Build configuration list for PBXNativeTarget "Design-principlesTests" */;
			buildPhases = (
				79C8E6562362FB5E00868518 /* Sources */,
				79C8E6572362FB5E00868518 /* Frameworks */,
				79C8E6582362FB5E00868518 /* Resources */,
			);
			buildRules = (
			);
			dependencies = (
				79C8E65C2362FB5E00868518 /* PBXTargetDependency */,
			);
			name = "Design-principlesTests";
			productName = "Design-principlesTests";
			productReference = 79C8E65A2362FB5E00868518 /* Design-principlesTests.xctest */;
			productType = "com.apple.product-type.bundle.unit-test";
		};
		79C8E6642362FB5E00868518 /* Design-principlesUITests */ = {
			isa = PBXNativeTarget;
			buildConfigurationList = 79C8E6742362FB5E00868518 /* Build configuration list for PBXNativeTarget "Design-principlesUITests" */;
			buildPhases = (
				79C8E6612362FB5E00868518 /* Sources */,
				79C8E6622362FB5E00868518 /* Frameworks */,
				79C8E6632362FB5E00868518 /* Resources */,
			);
			buildRules = (
			);
			dependencies = (
				79C8E6672362FB5E00868518 /* PBXTargetDependency */,
			);
			name = "Design-principlesUITests";
			productName = "Design-principlesUITests";
			productReference = 79C8E6652362FB5E00868518 /* Design-principlesUITests.xctest */;
			productType = "com.apple.product-type.bundle.ui-testing";
		};
/* End PBXNativeTarget section */

/* Begin PBXProject section */
		79C8E63A2362FB5D00868518 /* Project object */ = {
			isa = PBXProject;
			attributes = {
				LastUpgradeCheck = 1010;
				ORGANIZATIONNAME = helanzhu;
				TargetAttributes = {
					79C8E6412362FB5D00868518 = {
						CreatedOnToolsVersion = 10.1;
					};
					79C8E6592362FB5E00868518 = {
						CreatedOnToolsVersion = 10.1;
						TestTargetID = 79C8E6412362FB5D00868518;
					};
					79C8E6642362FB5E00868518 = {
						CreatedOnToolsVersion = 10.1;
						TestTargetID = 79C8E6412362FB5D00868518;
					};
				};
			};
			buildConfigurationList = 79C8E63D2362FB5D00868518 /* Build configuration list for PBXProject "Design-principles" */;
			compatibilityVersion = "Xcode 9.3";
			developmentRegion = en;
			hasScannedForEncodings = 0;
			knownRegions = (
				en,
				Base,
			);
			mainGroup = 79C8E6392362FB5D00868518;
			productRefGroup = 79C8E6432362FB5D00868518 /* Products */;
			projectDirPath = "";
			projectRoot = "";
			targets = (
				79C8E6412362FB5D00868518 /* Design-principles */,
				79C8E6592362FB5E00868518 /* Design-principlesTests */,
				79C8E6642362FB5E00868518 /* Design-principlesUITests */,
			);
		};
/* End PBXProject section */

/* Begin PBXResourcesBuildPhase section */
		79C8E6402362FB5D00868518 /* Resources */ = {
			isa = PBXResourcesBuildPhase;
			buildActionMask = 2147483647;
			files = (
				79C8E6522362FB5E00868518 /* LaunchScreen.storyboard in Resources */,
				79C8E64F2362FB5E00868518 /* Assets.xcassets in Resources */,
				79C8E64D2362FB5D00868518 /* Main.storyboard in Resources */,
			);
			runOnlyForDeploymentPostprocessing = 0;
		};
		79C8E6582362FB5E00868518 /* Resources */ = {
			isa = PBXResourcesBuildPhase;
			buildActionMask = 2147483647;
			files = (
			);
			runOnlyForDeploymentPostprocessing = 0;
		};
		79C8E6632362FB5E00868518 /* Resources */ = {
			isa = PBXResourcesBuildPhase;
			buildActionMask = 2147483647;
			files = (
			);
			runOnlyForDeploymentPostprocessing = 0;
		};
/* End PBXResourcesBuildPhase section */

/* Begin PBXSourcesBuildPhase section */
		79C8E63E2362FB5D00868518 /* Sources */ = {
			isa = PBXSourcesBuildPhase;
			buildActionMask = 2147483647;
			files = (
				79F699632368299D003C16F5 /* FrondEndDeveloper.m in Sources */,
				79ADBFB42363004B0046B91C /* LiveCourse.m in Sources */,
				79B295EC2368607400B3CD91 /* Bird.m in Sources */,
				79B295F52368768900B3CD91 /* Car.m in Sources */,
				79ABD2252362FFBD00130698 /* VideoCourse.m in Sources */,
				79ABD2142362FD2300130698 /* Course.m in Sources */,
				79C8E64A2362FB5D00868518 /* ViewController.m in Sources */,
				79F69969236829CB003C16F5 /* Project.m in Sources */,
				79ABD2202362FF4500130698 /* TextCourse.m in Sources */,
				79ADBFB12363003E0046B91C /* AudioCourse.m in Sources */,
				79B295F22368609600B3CD91 /* Parrot.m in Sources */,
				795FB4F6236307C500E96B6F /* Employee.m in Sources */,
				79B295EF2368608C00B3CD91 /* ChinesePeople.m in Sources */,
				795FB4FC2363090A00E96B6F /* HRApartment.m in Sources */,
				79C8E6552362FB5E00868518 /* main.m in Sources */,
				795FB4F9236308C400E96B6F /* FinancialApartment.m in Sources */,
				79B295E92368606200B3CD91 /* People.m in Sources */,
				79C8E6472362FB5D00868518 /* AppDelegate.m in Sources */,
				79F69966236829AD003C16F5 /* BackEndDeveloper.m in Sources */,
				79B295F8236876A900B3CD91 /* GasEngine.m in Sources */,
				79F6D25223687852007C55E1 /* Client.m in Sources */,
			);
			runOnlyForDeploymentPostprocessing = 0;
		};
		79C8E6562362FB5E00868518 /* Sources */ = {
			isa = PBXSourcesBuildPhase;
			buildActionMask = 2147483647;
			files = (
				79C8E65F2362FB5E00868518 /* Design_principlesTests.m in Sources */,
			);
			runOnlyForDeploymentPostprocessing = 0;
		};
		79C8E6612362FB5E00868518 /* Sources */ = {
			isa = PBXSourcesBuildPhase;
			buildActionMask = 2147483647;
			files = (
				79C8E66A2362FB5E00868518 /* Design_principlesUITests.m in Sources */,
			);
			runOnlyForDeploymentPostprocessing = 0;
		};
/* End PBXSourcesBuildPhase section */

/* Begin PBXTargetDependency section */
		79C8E65C2362FB5E00868518 /* PBXTargetDependency */ = {
			isa = PBXTargetDependency;
			target = 79C8E6412362FB5D00868518 /* Design-principles */;
			targetProxy = 79C8E65B2362FB5E00868518 /* PBXContainerItemProxy */;
		};
		79C8E6672362FB5E00868518 /* PBXTargetDependency */ = {
			isa = PBXTargetDependency;
			target = 79C8E6412362FB5D00868518 /* Design-principles */;
			targetProxy = 79C8E6662362FB5E00868518 /* PBXContainerItemProxy */;
		};
/* End PBXTargetDependency section */

/* Begin PBXVariantGroup section */
		79C8E64B2362FB5D00868518 /* Main.storyboard */ = {
			isa = PBXVariantGroup;
			children = (
				79C8E64C2362FB5D00868518 /* Base */,
			);
			name = Main.storyboard;
			sourceTree = "<group>";
		};
		79C8E6502362FB5E00868518 /* LaunchScreen.storyboard */ = {
			isa = PBXVariantGroup;
			children = (
				79C8E6512362FB5E00868518 /* Base */,
			);
			name = LaunchScreen.storyboard;
			sourceTree = "<group>";
		};
/* End PBXVariantGroup section */

/* Begin XCBuildConfiguration section */
		79C8E66C2362FB5E00868518 /* Debug */ = {
			isa = XCBuildConfiguration;
			buildSettings = {
				ALWAYS_SEARCH_USER_PATHS = NO;
				CLANG_ANALYZER_NONNULL = YES;
				CLANG_ANALYZER_NUMBER_OBJECT_CONVERSION = YES_AGGRESSIVE;
				CLANG_CXX_LANGUAGE_STANDARD = "gnu++14";
				CLANG_CXX_LIBRARY = "libc++";
				CLANG_ENABLE_MODULES = YES;
				CLANG_ENABLE_OBJC_ARC = YES;
				CLANG_ENABLE_OBJC_WEAK = YES;
				CLANG_WARN_BLOCK_CAPTURE_AUTORELEASING = YES;
				CLANG_WARN_BOOL_CONVERSION = YES;
				CLANG_WARN_COMMA = YES;
				CLANG_WARN_CONSTANT_CONVERSION = YES;
				CLANG_WARN_DEPRECATED_OBJC_IMPLEMENTATIONS = YES;
				CLANG_WARN_DIRECT_OBJC_ISA_USAGE = YES_ERROR;
				CLANG_WARN_DOCUMENTATION_COMMENTS = YES;
				CLANG_WARN_EMPTY_BODY = YES;
				CLANG_WARN_ENUM_CONVERSION = YES;
				CLANG_WARN_INFINITE_RECURSION = YES;
				CLANG_WARN_INT_CONVERSION = YES;
				CLANG_WARN_NON_LITERAL_NULL_CONVERSION = YES;
				CLANG_WARN_OBJC_IMPLICIT_RETAIN_SELF = YES;
				CLANG_WARN_OBJC_LITERAL_CONVERSION = YES;
				CLANG_WARN_OBJC_ROOT_CLASS = YES_ERROR;
				CLANG_WARN_RANGE_LOOP_ANALYSIS = YES;
				CLANG_WARN_STRICT_PROTOTYPES = YES;
				CLANG_WARN_SUSPICIOUS_MOVE = YES;
				CLANG_WARN_UNGUARDED_AVAILABILITY = YES_AGGRESSIVE;
				CLANG_WARN_UNREACHABLE_CODE = YES;
				CLANG_WARN__DUPLICATE_METHOD_MATCH = YES;
				CODE_SIGN_IDENTITY = "iPhone Developer";
				COPY_PHASE_STRIP = NO;
				DEBUG_INFORMATION_FORMAT = dwarf;
				ENABLE_STRICT_OBJC_MSGSEND = YES;
				ENABLE_TESTABILITY = YES;
				GCC_C_LANGUAGE_STANDARD = gnu11;
				GCC_DYNAMIC_NO_PIC = NO;
				GCC_NO_COMMON_BLOCKS = YES;
				GCC_OPTIMIZATION_LEVEL = 0;
				GCC_PREPROCESSOR_DEFINITIONS = (
					"DEBUG=1",
					"$(inherited)",
				);
				GCC_WARN_64_TO_32_BIT_CONVERSION = YES;
				GCC_WARN_ABOUT_RETURN_TYPE = YES_ERROR;
				GCC_WARN_UNDECLARED_SELECTOR = YES;
				GCC_WARN_UNINITIALIZED_AUTOS = YES_AGGRESSIVE;
				GCC_WARN_UNUSED_FUNCTION = YES;
				GCC_WARN_UNUSED_VARIABLE = YES;
				IPHONEOS_DEPLOYMENT_TARGET = 12.1;
				MTL_ENABLE_DEBUG_INFO = INCLUDE_SOURCE;
				MTL_FAST_MATH = YES;
				ONLY_ACTIVE_ARCH = YES;
				SDKROOT = iphoneos;
			};
			name = Debug;
		};
		79C8E66D2362FB5E00868518 /* Release */ = {
			isa = XCBuildConfiguration;
			buildSettings = {
				ALWAYS_SEARCH_USER_PATHS = NO;
				CLANG_ANALYZER_NONNULL = YES;
				CLANG_ANALYZER_NUMBER_OBJECT_CONVERSION = YES_AGGRESSIVE;
				CLANG_CXX_LANGUAGE_STANDARD = "gnu++14";
				CLANG_CXX_LIBRARY = "libc++";
				CLANG_ENABLE_MODULES = YES;
				CLANG_ENABLE_OBJC_ARC = YES;
				CLANG_ENABLE_OBJC_WEAK = YES;
				CLANG_WARN_BLOCK_CAPTURE_AUTORELEASING = YES;
				CLANG_WARN_BOOL_CONVERSION = YES;
				CLANG_WARN_COMMA = YES;
				CLANG_WARN_CONSTANT_CONVERSION = YES;
				CLANG_WARN_DEPRECATED_OBJC_IMPLEMENTATIONS = YES;
				CLANG_WARN_DIRECT_OBJC_ISA_USAGE = YES_ERROR;
				CLANG_WARN_DOCUMENTATION_COMMENTS = YES;
				CLANG_WARN_EMPTY_BODY = YES;
				CLANG_WARN_ENUM_CONVERSION = YES;
				CLANG_WARN_INFINITE_RECURSION = YES;
				CLANG_WARN_INT_CONVERSION = YES;
				CLANG_WARN_NON_LITERAL_NULL_CONVERSION = YES;
				CLANG_WARN_OBJC_IMPLICIT_RETAIN_SELF = YES;
				CLANG_WARN_OBJC_LITERAL_CONVERSION = YES;
				CLANG_WARN_OBJC_ROOT_CLASS = YES_ERROR;
				CLANG_WARN_RANGE_LOOP_ANALYSIS = YES;
				CLANG_WARN_STRICT_PROTOTYPES = YES;
				CLANG_WARN_SUSPICIOUS_MOVE = YES;
				CLANG_WARN_UNGUARDED_AVAILABILITY = YES_AGGRESSIVE;
				CLANG_WARN_UNREACHABLE_CODE = YES;
				CLANG_WARN__DUPLICATE_METHOD_MATCH = YES;
				CODE_SIGN_IDENTITY = "iPhone Developer";
				COPY_PHASE_STRIP = NO;
				DEBUG_INFORMATION_FORMAT = "dwarf-with-dsym";
				ENABLE_NS_ASSERTIONS = NO;
				ENABLE_STRICT_OBJC_MSGSEND = YES;
				GCC_C_LANGUAGE_STANDARD = gnu11;
				GCC_NO_COMMON_BLOCKS = YES;
				GCC_WARN_64_TO_32_BIT_CONVERSION = YES;
				GCC_WARN_ABOUT_RETURN_TYPE = YES_ERROR;
				GCC_WARN_UNDECLARED_SELECTOR = YES;
				GCC_WARN_UNINITIALIZED_AUTOS = YES_AGGRESSIVE;
				GCC_WARN_UNUSED_FUNCTION = YES;
				GCC_WARN_UNUSED_VARIABLE = YES;
				IPHONEOS_DEPLOYMENT_TARGET = 12.1;
				MTL_ENABLE_DEBUG_INFO = NO;
				MTL_FAST_MATH = YES;
				SDKROOT = iphoneos;
				VALIDATE_PRODUCT = YES;
			};
			name = Release;
		};
		79C8E66F2362FB5E00868518 /* Debug */ = {
			isa = XCBuildConfiguration;
			buildSettings = {
				ASSETCATALOG_COMPILER_APPICON_NAME = AppIcon;
				CODE_SIGN_STYLE = Automatic;
				INFOPLIST_FILE = "Design-principles/Info.plist";
				LD_RUNPATH_SEARCH_PATHS = (
					"$(inherited)",
					"@executable_path/Frameworks",
				);
				PRODUCT_BUNDLE_IDENTIFIER = "helanzhu.Design-principles";
				PRODUCT_NAME = "$(TARGET_NAME)";
				TARGETED_DEVICE_FAMILY = "1,2";
			};
			name = Debug;
		};
		79C8E6702362FB5E00868518 /* Release */ = {
			isa = XCBuildConfiguration;
			buildSettings = {
				ASSETCATALOG_COMPILER_APPICON_NAME = AppIcon;
				CODE_SIGN_STYLE = Automatic;
				INFOPLIST_FILE = "Design-principles/Info.plist";
				LD_RUNPATH_SEARCH_PATHS = (
					"$(inherited)",
					"@executable_path/Frameworks",
				);
				PRODUCT_BUNDLE_IDENTIFIER = "helanzhu.Design-principles";
				PRODUCT_NAME = "$(TARGET_NAME)";
				TARGETED_DEVICE_FAMILY = "1,2";
			};
			name = Release;
		};
		79C8E6722362FB5E00868518 /* Debug */ = {
			isa = XCBuildConfiguration;
			buildSettings = {
				BUNDLE_LOADER = "$(TEST_HOST)";
				CODE_SIGN_STYLE = Automatic;
				INFOPLIST_FILE = "Design-principlesTests/Info.plist";
				LD_RUNPATH_SEARCH_PATHS = (
					"$(inherited)",
					"@executable_path/Frameworks",
					"@loader_path/Frameworks",
				);
				PRODUCT_BUNDLE_IDENTIFIER = "helanzhu.Design-principlesTests";
				PRODUCT_NAME = "$(TARGET_NAME)";
				TARGETED_DEVICE_FAMILY = "1,2";
				TEST_HOST = "$(BUILT_PRODUCTS_DIR)/Design-principles.app/Design-principles";
			};
			name = Debug;
		};
		79C8E6732362FB5E00868518 /* Release */ = {
			isa = XCBuildConfiguration;
			buildSettings = {
				BUNDLE_LOADER = "$(TEST_HOST)";
				CODE_SIGN_STYLE = Automatic;
				INFOPLIST_FILE = "Design-principlesTests/Info.plist";
				LD_RUNPATH_SEARCH_PATHS = (
					"$(inherited)",
					"@executable_path/Frameworks",
					"@loader_path/Frameworks",
				);
				PRODUCT_BUNDLE_IDENTIFIER = "helanzhu.Design-principlesTests";
				PRODUCT_NAME = "$(TARGET_NAME)";
				TARGETED_DEVICE_FAMILY = "1,2";
				TEST_HOST = "$(BUILT_PRODUCTS_DIR)/Design-principles.app/Design-principles";
			};
			name = Release;
		};
		79C8E6752362FB5E00868518 /* Debug */ = {
			isa = XCBuildConfiguration;
			buildSettings = {
				CODE_SIGN_STYLE = Automatic;
				INFOPLIST_FILE = "Design-principlesUITests/Info.plist";
				LD_RUNPATH_SEARCH_PATHS = (
					"$(inherited)",
					"@executable_path/Frameworks",
					"@loader_path/Frameworks",
				);
				PRODUCT_BUNDLE_IDENTIFIER = "helanzhu.Design-principlesUITests";
				PRODUCT_NAME = "$(TARGET_NAME)";
				TARGETED_DEVICE_FAMILY = "1,2";
				TEST_TARGET_NAME = "Design-principles";
			};
			name = Debug;
		};
		79C8E6762362FB5E00868518 /* Release */ = {
			isa = XCBuildConfiguration;
			buildSettings = {
				CODE_SIGN_STYLE = Automatic;
				INFOPLIST_FILE = "Design-principlesUITests/Info.plist";
				LD_RUNPATH_SEARCH_PATHS = (
					"$(inherited)",
					"@executable_path/Frameworks",
					"@loader_path/Frameworks",
				);
				PRODUCT_BUNDLE_IDENTIFIER = "helanzhu.Design-principlesUITests";
				PRODUCT_NAME = "$(TARGET_NAME)";
				TARGETED_DEVICE_FAMILY = "1,2";
				TEST_TARGET_NAME = "Design-principles";
			};
			name = Release;
		};
/* End XCBuildConfiguration section */

/* Begin XCConfigurationList section */
		79C8E63D2362FB5D00868518 /* Build configuration list for PBXProject "Design-principles" */ = {
			isa = XCConfigurationList;
			buildConfigurations = (
				79C8E66C2362FB5E00868518 /* Debug */,
				79C8E66D2362FB5E00868518 /* Release */,
			);
			defaultConfigurationIsVisible = 0;
			defaultConfigurationName = Release;
		};
		79C8E66E2362FB5E00868518 /* Build configuration list for PBXNativeTarget "Design-principles" */ = {
			isa = XCConfigurationList;
			buildConfigurations = (
				79C8E66F2362FB5E00868518 /* Debug */,
				79C8E6702362FB5E00868518 /* Release */,
			);
			defaultConfigurationIsVisible = 0;
			defaultConfigurationName = Release;
		};
		79C8E6712362FB5E00868518 /* Build configuration list for PBXNativeTarget "Design-principlesTests" */ = {
			isa = XCConfigurationList;
			buildConfigurations = (
				79C8E6722362FB5E00868518 /* Debug */,
				79C8E6732362FB5E00868518 /* Release */,
			);
			defaultConfigurationIsVisible = 0;
			defaultConfigurationName = Release;
		};
		79C8E6742362FB5E00868518 /* Build configuration list for PBXNativeTarget "Design-principlesUITests" */ = {
			isa = XCConfigurationList;
			buildConfigurations = (
				79C8E6752362FB5E00868518 /* Debug */,
				79C8E6762362FB5E00868518 /* Release */,
			);
			defaultConfigurationIsVisible = 0;
			defaultConfigurationName = Release;
		};
/* End XCConfigurationList section */
	};
	rootObject = 79C8E63A2362FB5D00868518 /* Project object */;
}
